
Microsoft Visual Studio Solution File, Format Version 12.00
# Visual Studio Version 16
VisualStudioVersion = 16.0.30330.147
MinimumVisualStudioVersion = 10.0.40219.1
Project("{9A19103F-16F7-4668-BE54-9A1E7A4F7556}") = "CulinaryBlogCore", "CulinaryBlogCore\CulinaryBlogCore.csproj", "{A51828B4-C744-4FC8-8E8F-56133738B992}"
EndProject
Project("{9A19103F-16F7-4668-BE54-9A1E7A4F7556}") = "CulinaryBlogCore.DataAccess", "CulinaryBlogCore.DataAccess\CulinaryBlogCore.DataAccess.csproj", "{A6B57DF4-754A-4EDB-B8F4-FB2849176EA5}"
EndProject
Project("{9A19103F-16F7-4668-BE54-9A1E7A4F7556}") = "CulinaryBlogCore.Data.Models", "CulinaryBlogCore.Data.Models\CulinaryBlogCore.Data.Models.csproj", "{253FC035-42B7-40BA-AE83-A9FA171A806F}"
EndProject
Project("{9A19103F-16F7-4668-BE54-9A1E7A4F7556}") = "CulinaryBlogCore.Services", "CulinaryBlogCore.Services\CulinaryBlogCore.Services.csproj", "{493E15F0-D936-4A1B-946B-DB7C31DB6EDE}"
EndProject
Global
	GlobalSection(SolutionConfigurationPlatforms) = preSolution
		Debug|Any CPU = Debug|Any CPU
		Release|Any CPU = Release|Any CPU
	EndGlobalSection
	GlobalSection(ProjectConfigurationPlatforms) = postSolution
		{A51828B4-C744-4FC8-8E8F-56133738B992}.Debug|Any CPU.ActiveCfg = Debug|Any CPU
		{A51828B4-C744-4FC8-8E8F-56133738B992}.Debug|Any CPU.Build.0 = Debug|Any CPU
		{A51828B4-C744-4FC8-8E8F-56133738B992}.Release|Any CPU.ActiveCfg = Release|Any CPU
		{A51828B4-C744-4FC8-8E8F-56133738B992}.Release|Any CPU.Build.0 = Release|Any CPU
		{A6B57DF4-754A-4EDB-B8F4-FB2849176EA5}.Debug|Any CPU.ActiveCfg = Debug|Any CPU
		{A6B57DF4-754A-4EDB-B8F4-FB2849176EA5}.Debug|Any CPU.Build.0 = Debug|Any CPU
		{A6B57DF4-754A-4EDB-B8F4-FB2849176EA5}.Release|Any CPU.ActiveCfg = Release|Any CPU
		{A6B57DF4-754A-4EDB-B8F4-FB2849176EA5}.Release|Any CPU.Build.0 = Release|Any CPU
		{253FC035-42B7-40BA-AE83-A9FA171A806F}.Debug|Any CPU.ActiveCfg = Debug|Any CPU
		{253FC035-42B7-40BA-AE83-A9FA171A806F}.Debug|Any CPU.Build.0 = Debug|Any CPU
		{253FC035-42B7-40BA-AE83-A9FA171A806F}.Release|Any CPU.ActiveCfg = Release|Any CPU
		{253FC035-42B7-40BA-AE83-A9FA171A806F}.Release|Any CPU.Build.0 = Release|Any CPU
		{493E15F0-D936-4A1B-946B-DB7C31DB6EDE}.Debug|Any CPU.ActiveCfg = Debug|Any CPU
		{493E15F0-D936-4A1B-946B-DB7C31DB6EDE}.Debug|Any CPU.Build.0 = Debug|Any CPU
		{493E15F0-D936-4A1B-946B-DB7C31DB6EDE}.Release|Any CPU.ActiveCfg = Release|Any CPU
		{493E15F0-D936-4A1B-946B-DB7C31DB6EDE}.Release|Any CPU.Build.0 = Release|Any CPU
	EndGlobalSection
	GlobalSection(SolutionProperties) = preSolution
		HideSolutionNode = FALSE
	EndGlobalSection
	GlobalSection(ExtensibilityGlobals) = postSolution
		SolutionGuid = {CE5B94C4-1888-4501-888C-8240852DD639}
	EndGlobalSection
EndGlobal
